// !$*UTF8*$!
{
	archiveVersion = 1;
	classes = {
	};
	objectVersion = 46;
	objects = {

/* Begin PBXBuildFile section */
		C3EF78791E01BDD600A12F37 /* main.m in Sources */ = {isa = PBXBuildFile; fileRef = C3EF78781E01BDD600A12F37 /* main.m */; };
		C3EF787C1E01BDD600A12F37 /* AppDelegate.m in Sources */ = {isa = PBXBuildFile; fileRef = C3EF787B1E01BDD600A12F37 /* AppDelegate.m */; };
		C3EF78821E01BDD600A12F37 /* Main.storyboard in Resources */ = {isa = PBXBuildFile; fileRef = C3EF78801E01BDD600A12F37 /* Main.storyboard */; };
		C3EF78841E01BDD600A12F37 /* Assets.xcassets in Resources */ = {isa = PBXBuildFile; fileRef = C3EF78831E01BDD600A12F37 /* Assets.xcassets */; };
		C3EF78871E01BDD600A12F37 /* LaunchScreen.storyboard in Resources */ = {isa = PBXBuildFile; fileRef = C3EF78851E01BDD600A12F37 /* LaunchScreen.storyboard */; };
		C5E7A9AC1E17B113006A5B06 /* LoginViewController.m in Sources */ = {isa = PBXBuildFile; fileRef = C5E7A9AB1E17B113006A5B06 /* LoginViewController.m */; };
		C5F1FEE11E16D11B00BB5160 /* SignViewController.m in Sources */ = {isa = PBXBuildFile; fileRef = C5F1FEE01E16D11B00BB5160 /* SignViewController.m */; };
/* End PBXBuildFile section */

/* Begin PBXFileReference section */
		C3EF78741E01BDD600A12F37 /* ToDo.app */ = {isa = PBXFileReference; explicitFileType = wrapper.application; includeInIndex = 0; path = ToDo.app; sourceTree = BUILT_PRODUCTS_DIR; };
		C3EF78781E01BDD600A12F37 /* main.m */ = {isa = PBXFileReference; lastKnownFileType = sourcecode.c.objc; path = main.m; sourceTree = "<group>"; };
		C3EF787A1E01BDD600A12F37 /* AppDelegate.h */ = {isa = PBXFileReference; lastKnownFileType = sourcecode.c.h; path = AppDelegate.h; sourceTree = "<group>"; };
		C3EF787B1E01BDD600A12F37 /* AppDelegate.m */ = {isa = PBXFileReference; lastKnownFileType = sourcecode.c.objc; path = AppDelegate.m; sourceTree = "<group>"; };
		C3EF78811E01BDD600A12F37 /* Base */ = {isa = PBXFileReference; lastKnownFileType = file.storyboard; name = Base; path = Base.lproj/Main.storyboard; sourceTree = "<group>"; };
		C3EF78831E01BDD600A12F37 /* Assets.xcassets */ = {isa = PBXFileReference; lastKnownFileType = folder.assetcatalog; path = Assets.xcassets; sourceTree = "<group>"; };
		C3EF78861E01BDD600A12F37 /* Base */ = {isa = PBXFileReference; lastKnownFileType = file.storyboard; name = Base; path = Base.lproj/LaunchScreen.storyboard; sourceTree = "<group>"; };
		C3EF78881E01BDD600A12F37 /* Info.plist */ = {isa = PBXFileReference; lastKnownFileType = text.plist.xml; path = Info.plist; sourceTree = "<group>"; };
		C3EF788E1E01CA8600A12F37 /* LoginViewController.h */ = {isa = PBXFileReference; fileEncoding = 4; lastKnownFileType = sourcecode.c.h; path = LoginViewController.h; sourceTree = "<group>"; };
		C5E7A9AB1E17B113006A5B06 /* LoginViewController.m */ = {isa = PBXFileReference; fileEncoding = 4; lastKnownFileType = sourcecode.c.objc; path = LoginViewController.m; sourceTree = "<group>"; };
		C5F1FEDF1E16D11B00BB5160 /* SignViewController.h */ = {isa = PBXFileReference; fileEncoding = 4; lastKnownFileType = sourcecode.c.h; path = SignViewController.h; sourceTree = "<group>"; };
		C5F1FEE01E16D11B00BB5160 /* SignViewController.m */ = {isa = PBXFileReference; fileEncoding = 4; lastKnownFileType = sourcecode.c.objc; path = SignViewController.m; sourceTree = "<group>"; };
/* End PBXFileReference section */

/* Begin PBXFrameworksBuildPhase section */
		C3EF78711E01BDD600A12F37 /* Frameworks */ = {
			isa = PBXFrameworksBuildPhase;
			buildActionMask = 2147483647;
			files = (
			);
			runOnlyForDeploymentPostprocessing = 0;
		};
/* End PBXFrameworksBuildPhase section */

/* Begin PBXGroup section */
		C3EF786B1E01BDD600A12F37 = {
			isa = PBXGroup;
			children = (
				C3EF78761E01BDD600A12F37 /* ToDo */,
				C3EF78751E01BDD600A12F37 /* Products */,
			);
			sourceTree = "<group>";
		};
		C3EF78751E01BDD600A12F37 /* Products */ = {
			isa = PBXGroup;
			children = (
				C3EF78741E01BDD600A12F37 /* ToDo.app */,
			);
			name = Products;
			sourceTree = "<group>";
		};
		C3EF78761E01BDD600A12F37 /* ToDo */ = {
			isa = PBXGroup;
			children = (
				C3EF787A1E01BDD600A12F37 /* AppDelegate.h */,
				C3EF787B1E01BDD600A12F37 /* AppDelegate.m */,
				C3EF788E1E01CA8600A12F37 /* LoginViewController.h */,
				C5E7A9AB1E17B113006A5B06 /* LoginViewController.m */,
				C5F1FEDF1E16D11B00BB5160 /* SignViewController.h */,
				C5F1FEE01E16D11B00BB5160 /* SignViewController.m */,
				C3EF78801E01BDD600A12F37 /* Main.storyboard */,
				C3EF78831E01BDD600A12F37 /* Assets.xcassets */,
				C3EF78851E01BDD600A12F37 /* LaunchScreen.storyboard */,
				C3EF78881E01BDD600A12F37 /* Info.plist */,
				C3EF78771E01BDD600A12F37 /* Supporting Files */,
			);
			path = ToDo;
			sourceTree = "<group>";
		};
		C3EF78771E01BDD600A12F37 /* Supporting Files */ = {
			isa = PBXGroup;
			children = (
				C3EF78781E01BDD600A12F37 /* main.m */,
			);
			name = "Supporting Files";
			sourceTree = "<group>";
		};
/* End PBXGroup section */

/* Begin PBXNativeTarget section */
		C3EF78731E01BDD600A12F37 /* ToDo */ = {
			isa = PBXNativeTarget;
			buildConfigurationList = C3EF788B1E01BDD600A12F37 /* Build configuration list for PBXNativeTarget "ToDo" */;
			buildPhases = (
				C3EF78701E01BDD600A12F37 /* Sources */,
				C3EF78711E01BDD600A12F37 /* Frameworks */,
				C3EF78721E01BDD600A12F37 /* Resources */,
			);
			buildRules = (
			);
			dependencies = (
			);
			name = ToDo;
			productName = ToDo;
			productReference = C3EF78741E01BDD600A12F37 /* ToDo.app */;
			productType = "com.apple.product-type.application";
		};
/* End PBXNativeTarget section */

/* Begin PBXProject section */
		C3EF786C1E01BDD600A12F37 /* Project object */ = {
			isa = PBXProject;
			attributes = {
				LastUpgradeCheck = 0820;
				ORGANIZATIONNAME = "Djuro Alfirevic";
				TargetAttributes = {
					C3EF78731E01BDD600A12F37 = {
						CreatedOnToolsVersion = 8.2;
						ProvisioningStyle = Automatic;
					};
				};
			};
			buildConfigurationList = C3EF786F1E01BDD600A12F37 /* Build configuration list for PBXProject "ToDo" */;
			compatibilityVersion = "Xcode 3.2";
			developmentRegion = English;
			hasScannedForEncodings = 0;
			knownRegions = (
				en,
				Base,
			);
			mainGroup = C3EF786B1E01BDD600A12F37;
			productRefGroup = C3EF78751E01BDD600A12F37 /* Products */;
			projectDirPath = "";
			projectRoot = "";
			targets = (
				C3EF78731E01BDD600A12F37 /* ToDo */,
			);
		};
/* End PBXProject section */

/* Begin PBXResourcesBuildPhase section */
		C3EF78721E01BDD600A12F37 /* Resources */ = {
			isa = PBXResourcesBuildPhase;
			buildActionMask = 2147483647;
			files = (
				C3EF78871E01BDD600A12F37 /* LaunchScreen.storyboard in Resources */,
				C3EF78841E01BDD600A12F37 /* Assets.xcassets in Resources */,
				C3EF78821E01BDD600A12F37 /* Main.storyboard in Resources */,
			);
			runOnlyForDeploymentPostprocessing = 0;
		};
/* End PBXResourcesBuildPhase section */

/* Begin PBXSourcesBuildPhase section */
		C3EF78701E01BDD600A12F37 /* Sources */ = {
			isa = PBXSourcesBuildPhase;
			buildActionMask = 2147483647;
			files = (
				C5E7A9AC1E17B113006A5B06 /* LoginViewController.m in Sources */,
				C3EF787C1E01BDD600A12F37 /* AppDelegate.m in Sources */,
				C3EF78791E01BDD600A12F37 /* main.m in Sources */,
				C5F1FEE11E16D11B00BB5160 /* SignViewController.m in Sources */,
			);
			runOnlyForDeploymentPostprocessing = 0;
		};
/* End PBXSourcesBuildPhase section */

/* Begin PBXVariantGroup section */
		C3EF78801E01BDD600A12F37 /* Main.storyboard */ = {
			isa = PBXVariantGroup;
			children = (
				C3EF78811E01BDD600A12F37 /* Base */,
			);
			name = Main.storyboard;
			sourceTree = "<group>";
		};
		C3EF78851E01BDD600A12F37 /* LaunchScreen.storyboard */ = {
			isa = PBXVariantGroup;
			children = (
				C3EF78861E01BDD600A12F37 /* Base */,
			);
			name = LaunchScreen.storyboard;
			sourceTree = "<group>";
		};
/* End PBXVariantGroup section */

/* Begin XCBuildConfiguration section */
		C3EF78891E01BDD600A12F37 /* Debug */ = {
			isa = XCBuildConfiguration;
			buildSettings = {
				ALWAYS_SEARCH_USER_PATHS = NO;
				CLANG_ANALYZER_NONNULL = YES;
				CLANG_CXX_LANGUAGE_STANDARD = "gnu++0x";
				CLANG_CXX_LIBRARY = "libc++";
				CLANG_ENABLE_MODULES = YES;
				CLANG_ENABLE_OBJC_ARC = YES;
				CLANG_WARN_BOOL_CONVERSION = YES;
				CLANG_WARN_CONSTANT_CONVERSION = YES;
				CLANG_WARN_DIRECT_OBJC_ISA_USAGE = YES_ERROR;
				CLANG_WARN_DOCUMENTATION_COMMENTS = YES;
				CLANG_WARN_EMPTY_BODY = YES;
				CLANG_WARN_ENUM_CONVERSION = YES;
				CLANG_WARN_INFINITE_RECURSION = YES;
				CLANG_WARN_INT_CONVERSION = YES;
				CLANG_WARN_OBJC_ROOT_CLASS = YES_ERROR;
				CLANG_WARN_SUSPICIOUS_MOVE = YES;
				CLANG_WARN_UNREACHABLE_CODE = YES;
				CLANG_WARN__DUPLICATE_METHOD_MATCH = YES;
				"CODE_SIGN_IDENTITY[sdk=iphoneos*]" = "iPhone Developer";
				COPY_PHASE_STRIP = NO;
				DEBUG_INFORMATION_FORMAT = dwarf;
				ENABLE_STRICT_OBJC_MSGSEND = YES;
				ENABLE_TESTABILITY = YES;
				GCC_C_LANGUAGE_STANDARD = gnu99;
				GCC_DYNAMIC_NO_PIC = NO;
				GCC_NO_COMMON_BLOCKS = YES;
				GCC_OPTIMIZATION_LEVEL = 0;
				GCC_PREPROCESSOR_DEFINITIONS = (
					"DEBUG=1",
					"$(inherited)",
				);
				GCC_WARN_64_TO_32_BIT_CONVERSION = YES;
				GCC_WARN_ABOUT_RETURN_TYPE = YES_ERROR;
				GCC_WARN_UNDECLARED_SELECTOR = YES;
				GCC_WARN_UNINITIALIZED_AUTOS = YES_AGGRESSIVE;
				GCC_WARN_UNUSED_FUNCTION = YES;
				GCC_WARN_UNUSED_VARIABLE = YES;
				IPHONEOS_DEPLOYMENT_TARGET = 10.2;
				MTL_ENABLE_DEBUG_INFO = YES;
				ONLY_ACTIVE_ARCH = YES;
				SDKROOT = iphoneos;
			};
			name = Debug;
		};
		C3EF788A1E01BDD600A12F37 /* Release */ = {
			isa = XCBuildConfiguration;
			buildSettings = {
				ALWAYS_SEARCH_USER_PATHS = NO;
				CLANG_ANALYZER_NONNULL = YES;
				CLANG_CXX_LANGUAGE_STANDARD = "gnu++0x";
				CLANG_CXX_LIBRARY = "libc++";
				CLANG_ENABLE_MODULES = YES;
				CLANG_ENABLE_OBJC_ARC = YES;
				CLANG_WARN_BOOL_CONVERSION = YES;
				CLANG_WARN_CONSTANT_CONVERSION = YES;
				CLANG_WARN_DIRECT_OBJC_ISA_USAGE = YES_ERROR;
				CLANG_WARN_DOCUMENTATION_COMMENTS = YES;
				CLANG_WARN_EMPTY_BODY = YES;
				CLANG_WARN_ENUM_CONVERSION = YES;
				CLANG_WARN_INFINITE_RECURSION = YES;
				CLANG_WARN_INT_CONVERSION = YES;
				CLANG_WARN_OBJC_ROOT_CLASS = YES_ERROR;
				CLANG_WARN_SUSPICIOUS_MOVE = YES;
				CLANG_WARN_UNREACHABLE_CODE = YES;
				CLANG_WARN__DUPLICATE_METHOD_MATCH = YES;
				"CODE_SIGN_IDENTITY[sdk=iphoneos*]" = "iPhone Developer";
				COPY_PHASE_STRIP = NO;
				DEBUG_INFORMATION_FORMAT = "dwarf-with-dsym";
				ENABLE_NS_ASSERTIONS = NO;
				ENABLE_STRICT_OBJC_MSGSEND = YES;
				GCC_C_LANGUAGE_STANDARD = gnu99;
				GCC_NO_COMMON_BLOCKS = YES;
				GCC_WARN_64_TO_32_BIT_CONVERSION = YES;
				GCC_WARN_ABOUT_RETURN_TYPE = YES_ERROR;
				GCC_WARN_UNDECLARED_SELECTOR = YES;
				GCC_WARN_UNINITIALIZED_AUTOS = YES_AGGRESSIVE;
				GCC_WARN_UNUSED_FUNCTION = YES;
				GCC_WARN_UNUSED_VARIABLE = YES;
				IPHONEOS_DEPLOYMENT_TARGET = 10.2;
				MTL_ENABLE_DEBUG_INFO = NO;
				SDKROOT = iphoneos;
				VALIDATE_PRODUCT = YES;
			};
			name = Release;
		};
		C3EF788C1E01BDD600A12F37 /* Debug */ = {
			isa = XCBuildConfiguration;
			buildSettings = {
				ASSETCATALOG_COMPILER_APPICON_NAME = AppIcon;
				INFOPLIST_FILE = ToDo/Info.plist;
				LD_RUNPATH_SEARCH_PATHS = "$(inherited) @executable_path/Frameworks";
				PRODUCT_BUNDLE_IDENTIFIER = rs.sistemi.ToDo;
				PRODUCT_NAME = "$(TARGET_NAME)";
			};
			name = Debug;
		};
		C3EF788D1E01BDD600A12F37 /* Release */ = {
			isa = XCBuildConfiguration;
			buildSettings = {
				ASSETCATALOG_COMPILER_APPICON_NAME = AppIcon;
				INFOPLIST_FILE = ToDo/Info.plist;
				LD_RUNPATH_SEARCH_PATHS = "$(inherited) @executable_path/Frameworks";
				PRODUCT_BUNDLE_IDENTIFIER = rs.sistemi.ToDo;
				PRODUCT_NAME = "$(TARGET_NAME)";
			};
			name = Release;
		};
/* End XCBuildConfiguration section */

/* Begin XCConfigurationList section */
		C3EF786F1E01BDD600A12F37 /* Build configuration list for PBXProject "ToDo" */ = {
			isa = XCConfigurationList;
			buildConfigurations = (
				C3EF78891E01BDD600A12F37 /* Debug */,
				C3EF788A1E01BDD600A12F37 /* Release */,
			);
			defaultConfigurationIsVisible = 0;
			defaultConfigurationName = Release;
		};
		C3EF788B1E01BDD600A12F37 /* Build configuration list for PBXNativeTarget "ToDo" */ = {
			isa = XCConfigurationList;
			buildConfigurations = (
				C3EF788C1E01BDD600A12F37 /* Debug */,
				C3EF788D1E01BDD600A12F37 /* Release */,
			);
			defaultConfigurationIsVisible = 0;
			defaultConfigurationName = Release;
		};
/* End XCConfigurationList section */
	};
	rootObject = C3EF786C1E01BDD600A12F37 /* Project object */;
}
